// !$*UTF8*$!
{
	archiveVersion = 1;
	classes = {
	};
	objectVersion = 56;
	objects = {

/* Begin PBXBuildFile section */
		86D5F94E2C31B47C005B0938 /* OmasHausmittelApp.swift in Sources */ = {isa = PBXBuildFile; fileRef = 86D5F94D2C31B47C005B0938 /* OmasHausmittelApp.swift */; };
		86D5F9522C31B47D005B0938 /* Assets.xcassets in Resources */ = {isa = PBXBuildFile; fileRef = 86D5F9512C31B47D005B0938 /* Assets.xcassets */; };
		86D5F9552C31B47D005B0938 /* Preview Assets.xcassets in Resources */ = {isa = PBXBuildFile; fileRef = 86D5F9542C31B47D005B0938 /* Preview Assets.xcassets */; };
		86D5F95F2C31B47D005B0938 /* OmasHausmittelTests.swift in Sources */ = {isa = PBXBuildFile; fileRef = 86D5F95E2C31B47D005B0938 /* OmasHausmittelTests.swift */; };
		86D5F9692C31B47D005B0938 /* OmasHausmittelUITests.swift in Sources */ = {isa = PBXBuildFile; fileRef = 86D5F9682C31B47D005B0938 /* OmasHausmittelUITests.swift */; };
		86D5F96B2C31B47D005B0938 /* OmasHausmittelUITestsLaunchTests.swift in Sources */ = {isa = PBXBuildFile; fileRef = 86D5F96A2C31B47D005B0938 /* OmasHausmittelUITestsLaunchTests.swift */; };
		86D5F9802C32013F005B0938 /* ViewRouter.swift in Sources */ = {isa = PBXBuildFile; fileRef = 86D5F97F2C32013F005B0938 /* ViewRouter.swift */; };
		86D5F9832C32909B005B0938 /* SplashView.swift in Sources */ = {isa = PBXBuildFile; fileRef = 86D5F9822C32909B005B0938 /* SplashView.swift */; };
		86D5F9852C32D0C6005B0938 /* MainView.swift in Sources */ = {isa = PBXBuildFile; fileRef = 86D5F9842C32D0C6005B0938 /* MainView.swift */; };
		86D5F9882C32D561005B0938 /* CustomCubeButton.swift in Sources */ = {isa = PBXBuildFile; fileRef = 86D5F9872C32D561005B0938 /* CustomCubeButton.swift */; };
		86D5F98A2C32D675005B0938 /* GrandmotherView.swift in Sources */ = {isa = PBXBuildFile; fileRef = 86D5F9892C32D675005B0938 /* GrandmotherView.swift */; };
		86D5F98C2C32DC16005B0938 /* CleaningTipView.swift in Sources */ = {isa = PBXBuildFile; fileRef = 86D5F98B2C32DC16005B0938 /* CleaningTipView.swift */; };
		86D5F98E2C32E025005B0938 /* LifehackView.swift in Sources */ = {isa = PBXBuildFile; fileRef = 86D5F98D2C32E025005B0938 /* LifehackView.swift */; };
		86D5F9902C32E0D4005B0938 /* KitchenTipView.swift in Sources */ = {isa = PBXBuildFile; fileRef = 86D5F98F2C32E0D4005B0938 /* KitchenTipView.swift */; };
		86D5F9922C32E0E4005B0938 /* ClothingTipView.swift in Sources */ = {isa = PBXBuildFile; fileRef = 86D5F9912C32E0E4005B0938 /* ClothingTipView.swift */; };
		86D5F9942C32E0F0005B0938 /* HealthTipView.swift in Sources */ = {isa = PBXBuildFile; fileRef = 86D5F9932C32E0F0005B0938 /* HealthTipView.swift */; };
		86D5F9962C32E12A005B0938 /* CustomLongButton.swift in Sources */ = {isa = PBXBuildFile; fileRef = 86D5F9952C32E12A005B0938 /* CustomLongButton.swift */; };
		86D5F99B2C32E227005B0938 /* Item.swift in Sources */ = {isa = PBXBuildFile; fileRef = 86D5F99A2C32E227005B0938 /* Item.swift */; };
		86D5F99E2C32E258005B0938 /* ItemViewModel.swift in Sources */ = {isa = PBXBuildFile; fileRef = 86D5F99D2C32E258005B0938 /* ItemViewModel.swift */; };
		86D5F9A02C32E2AD005B0938 /* DetailView.swift in Sources */ = {isa = PBXBuildFile; fileRef = 86D5F99F2C32E2AD005B0938 /* DetailView.swift */; };
/* End PBXBuildFile section */

/* Begin PBXContainerItemProxy section */
		86D5F95B2C31B47D005B0938 /* PBXContainerItemProxy */ = {
			isa = PBXContainerItemProxy;
			containerPortal = 86D5F9422C31B47C005B0938 /* Project object */;
			proxyType = 1;
			remoteGlobalIDString = 86D5F9492C31B47C005B0938;
			remoteInfo = OmasHausmittel;
		};
		86D5F9652C31B47D005B0938 /* PBXContainerItemProxy */ = {
			isa = PBXContainerItemProxy;
			containerPortal = 86D5F9422C31B47C005B0938 /* Project object */;
			proxyType = 1;
			remoteGlobalIDString = 86D5F9492C31B47C005B0938;
			remoteInfo = OmasHausmittel;
		};
/* End PBXContainerItemProxy section */

/* Begin PBXFileReference section */
		86D5F94A2C31B47C005B0938 /* OmasHausmittel.app */ = {isa = PBXFileReference; explicitFileType = wrapper.application; includeInIndex = 0; path = OmasHausmittel.app; sourceTree = BUILT_PRODUCTS_DIR; };
		86D5F94D2C31B47C005B0938 /* OmasHausmittelApp.swift */ = {isa = PBXFileReference; lastKnownFileType = sourcecode.swift; path = OmasHausmittelApp.swift; sourceTree = "<group>"; };
		86D5F9512C31B47D005B0938 /* Assets.xcassets */ = {isa = PBXFileReference; lastKnownFileType = folder.assetcatalog; path = Assets.xcassets; sourceTree = "<group>"; };
		86D5F9542C31B47D005B0938 /* Preview Assets.xcassets */ = {isa = PBXFileReference; lastKnownFileType = folder.assetcatalog; path = "Preview Assets.xcassets"; sourceTree = "<group>"; };
		86D5F95A2C31B47D005B0938 /* OmasHausmittelTests.xctest */ = {isa = PBXFileReference; explicitFileType = wrapper.cfbundle; includeInIndex = 0; path = OmasHausmittelTests.xctest; sourceTree = BUILT_PRODUCTS_DIR; };
		86D5F95E2C31B47D005B0938 /* OmasHausmittelTests.swift */ = {isa = PBXFileReference; lastKnownFileType = sourcecode.swift; path = OmasHausmittelTests.swift; sourceTree = "<group>"; };
		86D5F9642C31B47D005B0938 /* OmasHausmittelUITests.xctest */ = {isa = PBXFileReference; explicitFileType = wrapper.cfbundle; includeInIndex = 0; path = OmasHausmittelUITests.xctest; sourceTree = BUILT_PRODUCTS_DIR; };
		86D5F9682C31B47D005B0938 /* OmasHausmittelUITests.swift */ = {isa = PBXFileReference; lastKnownFileType = sourcecode.swift; path = OmasHausmittelUITests.swift; sourceTree = "<group>"; };
		86D5F96A2C31B47D005B0938 /* OmasHausmittelUITestsLaunchTests.swift */ = {isa = PBXFileReference; lastKnownFileType = sourcecode.swift; path = OmasHausmittelUITestsLaunchTests.swift; sourceTree = "<group>"; };
		86D5F97F2C32013F005B0938 /* ViewRouter.swift */ = {isa = PBXFileReference; lastKnownFileType = sourcecode.swift; path = ViewRouter.swift; sourceTree = "<group>"; };
		86D5F9822C32909B005B0938 /* SplashView.swift */ = {isa = PBXFileReference; lastKnownFileType = sourcecode.swift; path = SplashView.swift; sourceTree = "<group>"; };
		86D5F9842C32D0C6005B0938 /* MainView.swift */ = {isa = PBXFileReference; lastKnownFileType = sourcecode.swift; path = MainView.swift; sourceTree = "<group>"; };
		86D5F9872C32D561005B0938 /* CustomCubeButton.swift */ = {isa = PBXFileReference; lastKnownFileType = sourcecode.swift; path = CustomCubeButton.swift; sourceTree = "<group>"; };
		86D5F9892C32D675005B0938 /* GrandmotherView.swift */ = {isa = PBXFileReference; lastKnownFileType = sourcecode.swift; path = GrandmotherView.swift; sourceTree = "<group>"; };
		86D5F98B2C32DC16005B0938 /* CleaningTipView.swift */ = {isa = PBXFileReference; lastKnownFileType = sourcecode.swift; path = CleaningTipView.swift; sourceTree = "<group>"; };
		86D5F98D2C32E025005B0938 /* LifehackView.swift */ = {isa = PBXFileReference; lastKnownFileType = sourcecode.swift; path = LifehackView.swift; sourceTree = "<group>"; };
		86D5F98F2C32E0D4005B0938 /* KitchenTipView.swift */ = {isa = PBXFileReference; lastKnownFileType = sourcecode.swift; path = KitchenTipView.swift; sourceTree = "<group>"; };
		86D5F9912C32E0E4005B0938 /* ClothingTipView.swift */ = {isa = PBXFileReference; lastKnownFileType = sourcecode.swift; path = ClothingTipView.swift; sourceTree = "<group>"; };
		86D5F9932C32E0F0005B0938 /* HealthTipView.swift */ = {isa = PBXFileReference; lastKnownFileType = sourcecode.swift; path = HealthTipView.swift; sourceTree = "<group>"; };
		86D5F9952C32E12A005B0938 /* CustomLongButton.swift */ = {isa = PBXFileReference; lastKnownFileType = sourcecode.swift; path = CustomLongButton.swift; sourceTree = "<group>"; };
		86D5F99A2C32E227005B0938 /* Item.swift */ = {isa = PBXFileReference; lastKnownFileType = sourcecode.swift; path = Item.swift; sourceTree = "<group>"; };
		86D5F99D2C32E258005B0938 /* ItemViewModel.swift */ = {isa = PBXFileReference; lastKnownFileType = sourcecode.swift; path = ItemViewModel.swift; sourceTree = "<group>"; };
		86D5F99F2C32E2AD005B0938 /* DetailView.swift */ = {isa = PBXFileReference; lastKnownFileType = sourcecode.swift; path = DetailView.swift; sourceTree = "<group>"; };
/* End PBXFileReference section */

/* Begin PBXFrameworksBuildPhase section */
		86D5F9472C31B47C005B0938 /* Frameworks */ = {
			isa = PBXFrameworksBuildPhase;
			buildActionMask = 2147483647;
			files = (
			);
			runOnlyForDeploymentPostprocessing = 0;
		};
		86D5F9572C31B47D005B0938 /* Frameworks */ = {
			isa = PBXFrameworksBuildPhase;
			buildActionMask = 2147483647;
			files = (
			);
			runOnlyForDeploymentPostprocessing = 0;
		};
		86D5F9612C31B47D005B0938 /* Frameworks */ = {
			isa = PBXFrameworksBuildPhase;
			buildActionMask = 2147483647;
			files = (
			);
			runOnlyForDeploymentPostprocessing = 0;
		};
/* End PBXFrameworksBuildPhase section */

/* Begin PBXGroup section */
		86D5F9412C31B47C005B0938 = {
			isa = PBXGroup;
			children = (
				86D5F94C2C31B47C005B0938 /* OmasHausmittel */,
				86D5F95D2C31B47D005B0938 /* OmasHausmittelTests */,
				86D5F9672C31B47D005B0938 /* OmasHausmittelUITests */,
				86D5F94B2C31B47C005B0938 /* Products */,
			);
			sourceTree = "<group>";
		};
		86D5F94B2C31B47C005B0938 /* Products */ = {
			isa = PBXGroup;
			children = (
				86D5F94A2C31B47C005B0938 /* OmasHausmittel.app */,
				86D5F95A2C31B47D005B0938 /* OmasHausmittelTests.xctest */,
				86D5F9642C31B47D005B0938 /* OmasHausmittelUITests.xctest */,
			);
			name = Products;
			sourceTree = "<group>";
		};
		86D5F94C2C31B47C005B0938 /* OmasHausmittel */ = {
			isa = PBXGroup;
			children = (
				86D5F9862C32D556005B0938 /* Utils */,
				86D5F9812C32907A005B0938 /* Views */,
				86D5F94D2C31B47C005B0938 /* OmasHausmittelApp.swift */,
				86D5F97F2C32013F005B0938 /* ViewRouter.swift */,
				86D5F9512C31B47D005B0938 /* Assets.xcassets */,
				86D5F9532C31B47D005B0938 /* Preview Content */,
			);
			path = OmasHausmittel;
			sourceTree = "<group>";
		};
		86D5F9532C31B47D005B0938 /* Preview Content */ = {
			isa = PBXGroup;
			children = (
				86D5F9542C31B47D005B0938 /* Preview Assets.xcassets */,
			);
			path = "Preview Content";
			sourceTree = "<group>";
		};
		86D5F95D2C31B47D005B0938 /* OmasHausmittelTests */ = {
			isa = PBXGroup;
			children = (
				86D5F95E2C31B47D005B0938 /* OmasHausmittelTests.swift */,
			);
			path = OmasHausmittelTests;
			sourceTree = "<group>";
		};
		86D5F9672C31B47D005B0938 /* OmasHausmittelUITests */ = {
			isa = PBXGroup;
			children = (
				86D5F9682C31B47D005B0938 /* OmasHausmittelUITests.swift */,
				86D5F96A2C31B47D005B0938 /* OmasHausmittelUITestsLaunchTests.swift */,
			);
			path = OmasHausmittelUITests;
			sourceTree = "<group>";
		};
		86D5F9812C32907A005B0938 /* Views */ = {
			isa = PBXGroup;
			children = (
				86D5F99C2C32E249005B0938 /* ViewModel */,
				86D5F9972C32E210005B0938 /* Model */,
				86D5F9822C32909B005B0938 /* SplashView.swift */,
				86D5F9842C32D0C6005B0938 /* MainView.swift */,
				86D5F9892C32D675005B0938 /* GrandmotherView.swift */,
				86D5F98B2C32DC16005B0938 /* CleaningTipView.swift */,
				86D5F98D2C32E025005B0938 /* LifehackView.swift */,
				86D5F98F2C32E0D4005B0938 /* KitchenTipView.swift */,
				86D5F9912C32E0E4005B0938 /* ClothingTipView.swift */,
				86D5F9932C32E0F0005B0938 /* HealthTipView.swift */,
				86D5F99F2C32E2AD005B0938 /* DetailView.swift */,
			);
			path = Views;
			sourceTree = "<group>";
		};
		86D5F9862C32D556005B0938 /* Utils */ = {
			isa = PBXGroup;
			children = (
				86D5F9872C32D561005B0938 /* CustomCubeButton.swift */,
				86D5F9952C32E12A005B0938 /* CustomLongButton.swift */,
			);
			path = Utils;
			sourceTree = "<group>";
		};
		86D5F9972C32E210005B0938 /* Model */ = {
			isa = PBXGroup;
			children = (
				86D5F99A2C32E227005B0938 /* Item.swift */,
			);
			path = Model;
			sourceTree = "<group>";
		};
		86D5F99C2C32E249005B0938 /* ViewModel */ = {
			isa = PBXGroup;
			children = (
				86D5F99D2C32E258005B0938 /* ItemViewModel.swift */,
			);
			path = ViewModel;
			sourceTree = "<group>";
		};
/* End PBXGroup section */

/* Begin PBXNativeTarget section */
		86D5F9492C31B47C005B0938 /* OmasHausmittel */ = {
			isa = PBXNativeTarget;
			buildConfigurationList = 86D5F96E2C31B47D005B0938 /* Build configuration list for PBXNativeTarget "OmasHausmittel" */;
			buildPhases = (
				86D5F9462C31B47C005B0938 /* Sources */,
				86D5F9472C31B47C005B0938 /* Frameworks */,
				86D5F9482C31B47C005B0938 /* Resources */,
			);
			buildRules = (
			);
			dependencies = (
			);
			name = OmasHausmittel;
			productName = OmasHausmittel;
			productReference = 86D5F94A2C31B47C005B0938 /* OmasHausmittel.app */;
			productType = "com.apple.product-type.application";
		};
		86D5F9592C31B47D005B0938 /* OmasHausmittelTests */ = {
			isa = PBXNativeTarget;
			buildConfigurationList = 86D5F9712C31B47D005B0938 /* Build configuration list for PBXNativeTarget "OmasHausmittelTests" */;
			buildPhases = (
				86D5F9562C31B47D005B0938 /* Sources */,
				86D5F9572C31B47D005B0938 /* Frameworks */,
				86D5F9582C31B47D005B0938 /* Resources */,
			);
			buildRules = (
			);
			dependencies = (
				86D5F95C2C31B47D005B0938 /* PBXTargetDependency */,
			);
			name = OmasHausmittelTests;
			productName = OmasHausmittelTests;
			productReference = 86D5F95A2C31B47D005B0938 /* OmasHausmittelTests.xctest */;
			productType = "com.apple.product-type.bundle.unit-test";
		};
		86D5F9632C31B47D005B0938 /* OmasHausmittelUITests */ = {
			isa = PBXNativeTarget;
			buildConfigurationList = 86D5F9742C31B47D005B0938 /* Build configuration list for PBXNativeTarget "OmasHausmittelUITests" */;
			buildPhases = (
				86D5F9602C31B47D005B0938 /* Sources */,
				86D5F9612C31B47D005B0938 /* Frameworks */,
				86D5F9622C31B47D005B0938 /* Resources */,
			);
			buildRules = (
			);
			dependencies = (
				86D5F9662C31B47D005B0938 /* PBXTargetDependency */,
			);
			name = OmasHausmittelUITests;
			productName = OmasHausmittelUITests;
			productReference = 86D5F9642C31B47D005B0938 /* OmasHausmittelUITests.xctest */;
			productType = "com.apple.product-type.bundle.ui-testing";
		};
/* End PBXNativeTarget section */

/* Begin PBXProject section */
		86D5F9422C31B47C005B0938 /* Project object */ = {
			isa = PBXProject;
			attributes = {
				BuildIndependentTargetsInParallel = 1;
				LastSwiftUpdateCheck = 1540;
				LastUpgradeCheck = 1540;
				TargetAttributes = {
					86D5F9492C31B47C005B0938 = {
						CreatedOnToolsVersion = 15.4;
					};
					86D5F9592C31B47D005B0938 = {
						CreatedOnToolsVersion = 15.4;
						TestTargetID = 86D5F9492C31B47C005B0938;
					};
					86D5F9632C31B47D005B0938 = {
						CreatedOnToolsVersion = 15.4;
						TestTargetID = 86D5F9492C31B47C005B0938;
					};
				};
			};
			buildConfigurationList = 86D5F9452C31B47C005B0938 /* Build configuration list for PBXProject "OmasHausmittel" */;
			compatibilityVersion = "Xcode 14.0";
			developmentRegion = en;
			hasScannedForEncodings = 0;
			knownRegions = (
				en,
				Base,
			);
			mainGroup = 86D5F9412C31B47C005B0938;
			productRefGroup = 86D5F94B2C31B47C005B0938 /* Products */;
			projectDirPath = "";
			projectRoot = "";
			targets = (
				86D5F9492C31B47C005B0938 /* OmasHausmittel */,
				86D5F9592C31B47D005B0938 /* OmasHausmittelTests */,
				86D5F9632C31B47D005B0938 /* OmasHausmittelUITests */,
			);
		};
/* End PBXProject section */

/* Begin PBXResourcesBuildPhase section */
		86D5F9482C31B47C005B0938 /* Resources */ = {
			isa = PBXResourcesBuildPhase;
			buildActionMask = 2147483647;
			files = (
				86D5F9552C31B47D005B0938 /* Preview Assets.xcassets in Resources */,
				86D5F9522C31B47D005B0938 /* Assets.xcassets in Resources */,
			);
			runOnlyForDeploymentPostprocessing = 0;
		};
		86D5F9582C31B47D005B0938 /* Resources */ = {
			isa = PBXResourcesBuildPhase;
			buildActionMask = 2147483647;
			files = (
			);
			runOnlyForDeploymentPostprocessing = 0;
		};
		86D5F9622C31B47D005B0938 /* Resources */ = {
			isa = PBXResourcesBuildPhase;
			buildActionMask = 2147483647;
			files = (
			);
			runOnlyForDeploymentPostprocessing = 0;
		};
/* End PBXResourcesBuildPhase section */

/* Begin PBXSourcesBuildPhase section */
		86D5F9462C31B47C005B0938 /* Sources */ = {
			isa = PBXSourcesBuildPhase;
			buildActionMask = 2147483647;
			files = (
				86D5F9922C32E0E4005B0938 /* ClothingTipView.swift in Sources */,
				86D5F9802C32013F005B0938 /* ViewRouter.swift in Sources */,
				86D5F9902C32E0D4005B0938 /* KitchenTipView.swift in Sources */,
				86D5F99E2C32E258005B0938 /* ItemViewModel.swift in Sources */,
				86D5F9852C32D0C6005B0938 /* MainView.swift in Sources */,
				86D5F94E2C31B47C005B0938 /* OmasHausmittelApp.swift in Sources */,
				86D5F9832C32909B005B0938 /* SplashView.swift in Sources */,
				86D5F98C2C32DC16005B0938 /* CleaningTipView.swift in Sources */,
				86D5F99B2C32E227005B0938 /* Item.swift in Sources */,
				86D5F98A2C32D675005B0938 /* GrandmotherView.swift in Sources */,
				86D5F9962C32E12A005B0938 /* CustomLongButton.swift in Sources */,
				86D5F9882C32D561005B0938 /* CustomCubeButton.swift in Sources */,
				86D5F9942C32E0F0005B0938 /* HealthTipView.swift in Sources */,
				86D5F9A02C32E2AD005B0938 /* DetailView.swift in Sources */,
				86D5F98E2C32E025005B0938 /* LifehackView.swift in Sources */,
			);
			runOnlyForDeploymentPostprocessing = 0;
		};
		86D5F9562C31B47D005B0938 /* Sources */ = {
			isa = PBXSourcesBuildPhase;
			buildActionMask = 2147483647;
			files = (
				86D5F95F2C31B47D005B0938 /* OmasHausmittelTests.swift in Sources */,
			);
			runOnlyForDeploymentPostprocessing = 0;
		};
		86D5F9602C31B47D005B0938 /* Sources */ = {
			isa = PBXSourcesBuildPhase;
			buildActionMask = 2147483647;
			files = (
				86D5F96B2C31B47D005B0938 /* OmasHausmittelUITestsLaunchTests.swift in Sources */,
				86D5F9692C31B47D005B0938 /* OmasHausmittelUITests.swift in Sources */,
			);
			runOnlyForDeploymentPostprocessing = 0;
		};
/* End PBXSourcesBuildPhase section */

/* Begin PBXTargetDependency section */
		86D5F95C2C31B47D005B0938 /* PBXTargetDependency */ = {
			isa = PBXTargetDependency;
			target = 86D5F9492C31B47C005B0938 /* OmasHausmittel */;
			targetProxy = 86D5F95B2C31B47D005B0938 /* PBXContainerItemProxy */;
		};
		86D5F9662C31B47D005B0938 /* PBXTargetDependency */ = {
			isa = PBXTargetDependency;
			target = 86D5F9492C31B47C005B0938 /* OmasHausmittel */;
			targetProxy = 86D5F9652C31B47D005B0938 /* PBXContainerItemProxy */;
		};
/* End PBXTargetDependency section */

/* Begin XCBuildConfiguration section */
		86D5F96C2C31B47D005B0938 /* Debug */ = {
			isa = XCBuildConfiguration;
			buildSettings = {
				ALWAYS_SEARCH_USER_PATHS = NO;
				ASSETCATALOG_COMPILER_GENERATE_SWIFT_ASSET_SYMBOL_EXTENSIONS = YES;
				CLANG_ANALYZER_NONNULL = YES;
				CLANG_ANALYZER_NUMBER_OBJECT_CONVERSION = YES_AGGRESSIVE;
				CLANG_CXX_LANGUAGE_STANDARD = "gnu++20";
				CLANG_ENABLE_MODULES = YES;
				CLANG_ENABLE_OBJC_ARC = YES;
				CLANG_ENABLE_OBJC_WEAK = YES;
				CLANG_WARN_BLOCK_CAPTURE_AUTORELEASING = YES;
				CLANG_WARN_BOOL_CONVERSION = YES;
				CLANG_WARN_COMMA = YES;
				CLANG_WARN_CONSTANT_CONVERSION = YES;
				CLANG_WARN_DEPRECATED_OBJC_IMPLEMENTATIONS = YES;
				CLANG_WARN_DIRECT_OBJC_ISA_USAGE = YES_ERROR;
				CLANG_WARN_DOCUMENTATION_COMMENTS = YES;
				CLANG_WARN_EMPTY_BODY = YES;
				CLANG_WARN_ENUM_CONVERSION = YES;
				CLANG_WARN_INFINITE_RECURSION = YES;
				CLANG_WARN_INT_CONVERSION = YES;
				CLANG_WARN_NON_LITERAL_NULL_CONVERSION = YES;
				CLANG_WARN_OBJC_IMPLICIT_RETAIN_SELF = YES;
				CLANG_WARN_OBJC_LITERAL_CONVERSION = YES;
				CLANG_WARN_OBJC_ROOT_CLASS = YES_ERROR;
				CLANG_WARN_QUOTED_INCLUDE_IN_FRAMEWORK_HEADER = YES;
				CLANG_WARN_RANGE_LOOP_ANALYSIS = YES;
				CLANG_WARN_STRICT_PROTOTYPES = YES;
				CLANG_WARN_SUSPICIOUS_MOVE = YES;
				CLANG_WARN_UNGUARDED_AVAILABILITY = YES_AGGRESSIVE;
				CLANG_WARN_UNREACHABLE_CODE = YES;
				CLANG_WARN__DUPLICATE_METHOD_MATCH = YES;
				COPY_PHASE_STRIP = NO;
				DEBUG_INFORMATION_FORMAT = dwarf;
				ENABLE_STRICT_OBJC_MSGSEND = YES;
				ENABLE_TESTABILITY = YES;
				ENABLE_USER_SCRIPT_SANDBOXING = YES;
				GCC_C_LANGUAGE_STANDARD = gnu17;
				GCC_DYNAMIC_NO_PIC = NO;
				GCC_NO_COMMON_BLOCKS = YES;
				GCC_OPTIMIZATION_LEVEL = 0;
				GCC_PREPROCESSOR_DEFINITIONS = (
					"DEBUG=1",
					"$(inherited)",
				);
				GCC_WARN_64_TO_32_BIT_CONVERSION = YES;
				GCC_WARN_ABOUT_RETURN_TYPE = YES_ERROR;
				GCC_WARN_UNDECLARED_SELECTOR = YES;
				GCC_WARN_UNINITIALIZED_AUTOS = YES_AGGRESSIVE;
				GCC_WARN_UNUSED_FUNCTION = YES;
				GCC_WARN_UNUSED_VARIABLE = YES;
				IPHONEOS_DEPLOYMENT_TARGET = 17.5;
				LOCALIZATION_PREFERS_STRING_CATALOGS = YES;
				MTL_ENABLE_DEBUG_INFO = INCLUDE_SOURCE;
				MTL_FAST_MATH = YES;
				ONLY_ACTIVE_ARCH = YES;
				SDKROOT = iphoneos;
				SWIFT_ACTIVE_COMPILATION_CONDITIONS = "DEBUG $(inherited)";
				SWIFT_OPTIMIZATION_LEVEL = "-Onone";
			};
			name = Debug;
		};
		86D5F96D2C31B47D005B0938 /* Release */ = {
			isa = XCBuildConfiguration;
			buildSettings = {
				ALWAYS_SEARCH_USER_PATHS = NO;
				ASSETCATALOG_COMPILER_GENERATE_SWIFT_ASSET_SYMBOL_EXTENSIONS = YES;
				CLANG_ANALYZER_NONNULL = YES;
				CLANG_ANALYZER_NUMBER_OBJECT_CONVERSION = YES_AGGRESSIVE;
				CLANG_CXX_LANGUAGE_STANDARD = "gnu++20";
				CLANG_ENABLE_MODULES = YES;
				CLANG_ENABLE_OBJC_ARC = YES;
				CLANG_ENABLE_OBJC_WEAK = YES;
				CLANG_WARN_BLOCK_CAPTURE_AUTORELEASING = YES;
				CLANG_WARN_BOOL_CONVERSION = YES;
				CLANG_WARN_COMMA = YES;
				CLANG_WARN_CONSTANT_CONVERSION = YES;
				CLANG_WARN_DEPRECATED_OBJC_IMPLEMENTATIONS = YES;
				CLANG_WARN_DIRECT_OBJC_ISA_USAGE = YES_ERROR;
				CLANG_WARN_DOCUMENTATION_COMMENTS = YES;
				CLANG_WARN_EMPTY_BODY = YES;
				CLANG_WARN_ENUM_CONVERSION = YES;
				CLANG_WARN_INFINITE_RECURSION = YES;
				CLANG_WARN_INT_CONVERSION = YES;
				CLANG_WARN_NON_LITERAL_NULL_CONVERSION = YES;
				CLANG_WARN_OBJC_IMPLICIT_RETAIN_SELF = YES;
				CLANG_WARN_OBJC_LITERAL_CONVERSION = YES;
				CLANG_WARN_OBJC_ROOT_CLASS = YES_ERROR;
				CLANG_WARN_QUOTED_INCLUDE_IN_FRAMEWORK_HEADER = YES;
				CLANG_WARN_RANGE_LOOP_ANALYSIS = YES;
				CLANG_WARN_STRICT_PROTOTYPES = YES;
				CLANG_WARN_SUSPICIOUS_MOVE = YES;
				CLANG_WARN_UNGUARDED_AVAILABILITY = YES_AGGRESSIVE;
				CLANG_WARN_UNREACHABLE_CODE = YES;
				CLANG_WARN__DUPLICATE_METHOD_MATCH = YES;
				COPY_PHASE_STRIP = NO;
				DEBUG_INFORMATION_FORMAT = "dwarf-with-dsym";
				ENABLE_NS_ASSERTIONS = NO;
				ENABLE_STRICT_OBJC_MSGSEND = YES;
				ENABLE_USER_SCRIPT_SANDBOXING = YES;
				GCC_C_LANGUAGE_STANDARD = gnu17;
				GCC_NO_COMMON_BLOCKS = YES;
				GCC_WARN_64_TO_32_BIT_CONVERSION = YES;
				GCC_WARN_ABOUT_RETURN_TYPE = YES_ERROR;
				GCC_WARN_UNDECLARED_SELECTOR = YES;
				GCC_WARN_UNINITIALIZED_AUTOS = YES_AGGRESSIVE;
				GCC_WARN_UNUSED_FUNCTION = YES;
				GCC_WARN_UNUSED_VARIABLE = YES;
				IPHONEOS_DEPLOYMENT_TARGET = 17.5;
				LOCALIZATION_PREFERS_STRING_CATALOGS = YES;
				MTL_ENABLE_DEBUG_INFO = NO;
				MTL_FAST_MATH = YES;
				SDKROOT = iphoneos;
				SWIFT_COMPILATION_MODE = wholemodule;
				VALIDATE_PRODUCT = YES;
			};
			name = Release;
		};
		86D5F96F2C31B47D005B0938 /* Debug */ = {
			isa = XCBuildConfiguration;
			buildSettings = {
				ASSETCATALOG_COMPILER_APPICON_NAME = AppIcon;
				ASSETCATALOG_COMPILER_GLOBAL_ACCENT_COLOR_NAME = AccentColor;
				CODE_SIGN_STYLE = Automatic;
				CURRENT_PROJECT_VERSION = 1;
				DEVELOPMENT_ASSET_PATHS = "\"OmasHausmittel/Preview Content\"";
				DEVELOPMENT_TEAM = LFNM38DQ8M;
				ENABLE_PREVIEWS = YES;
				GENERATE_INFOPLIST_FILE = YES;
				INFOPLIST_KEY_UIApplicationSceneManifest_Generation = YES;
				INFOPLIST_KEY_UIApplicationSupportsIndirectInputEvents = YES;
				INFOPLIST_KEY_UILaunchScreen_Generation = YES;
				INFOPLIST_KEY_UISupportedInterfaceOrientations_iPad = "UIInterfaceOrientationPortrait UIInterfaceOrientationPortraitUpsideDown UIInterfaceOrientationLandscapeLeft UIInterfaceOrientationLandscapeRight";
				INFOPLIST_KEY_UISupportedInterfaceOrientations_iPhone = "UIInterfaceOrientationPortrait UIInterfaceOrientationLandscapeLeft UIInterfaceOrientationLandscapeRight";
				LD_RUNPATH_SEARCH_PATHS = (
					"$(inherited)",
					"@executable_path/Frameworks",
				);
				MARKETING_VERSION = 1.0;
				PRODUCT_BUNDLE_IDENTIFIER = com.InventisGroup.OmasHausmittel;
				PRODUCT_NAME = "$(TARGET_NAME)";
				SWIFT_EMIT_LOC_STRINGS = YES;
				SWIFT_VERSION = 5.0;
				TARGETED_DEVICE_FAMILY = "1,2";
			};
			name = Debug;
		};
		86D5F9702C31B47D005B0938 /* Release */ = {
			isa = XCBuildConfiguration;
			buildSettings = {
				ASSETCATALOG_COMPILER_APPICON_NAME = AppIcon;
				ASSETCATALOG_COMPILER_GLOBAL_ACCENT_COLOR_NAME = AccentColor;
				CODE_SIGN_STYLE = Automatic;
				CURRENT_PROJECT_VERSION = 1;
				DEVELOPMENT_ASSET_PATHS = "\"OmasHausmittel/Preview Content\"";
				DEVELOPMENT_TEAM = LFNM38DQ8M;
				ENABLE_PREVIEWS = YES;
				GENERATE_INFOPLIST_FILE = YES;
				INFOPLIST_KEY_UIApplicationSceneManifest_Generation = YES;
				INFOPLIST_KEY_UIApplicationSupportsIndirectInputEvents = YES;
				INFOPLIST_KEY_UILaunchScreen_Generation = YES;
				INFOPLIST_KEY_UISupportedInterfaceOrientations_iPad = "UIInterfaceOrientationPortrait UIInterfaceOrientationPortraitUpsideDown UIInterfaceOrientationLandscapeLeft UIInterfaceOrientationLandscapeRight";
				INFOPLIST_KEY_UISupportedInterfaceOrientations_iPhone = "UIInterfaceOrientationPortrait UIInterfaceOrientationLandscapeLeft UIInterfaceOrientationLandscapeRight";
				LD_RUNPATH_SEARCH_PATHS = (
					"$(inherited)",
					"@executable_path/Frameworks",
				);
				MARKETING_VERSION = 1.0;
				PRODUCT_BUNDLE_IDENTIFIER = com.InventisGroup.OmasHausmittel;
				PRODUCT_NAME = "$(TARGET_NAME)";
				SWIFT_EMIT_LOC_STRINGS = YES;
				SWIFT_VERSION = 5.0;
				TARGETED_DEVICE_FAMILY = "1,2";
			};
			name = Release;
		};
		86D5F9722C31B47D005B0938 /* Debug */ = {
			isa = XCBuildConfiguration;
			buildSettings = {
				ALWAYS_EMBED_SWIFT_STANDARD_LIBRARIES = YES;
				BUNDLE_LOADER = "$(TEST_HOST)";
				CODE_SIGN_STYLE = Automatic;
				CURRENT_PROJECT_VERSION = 1;
				DEVELOPMENT_TEAM = LFNM38DQ8M;
				GENERATE_INFOPLIST_FILE = YES;
				IPHONEOS_DEPLOYMENT_TARGET = 17.5;
				MARKETING_VERSION = 1.0;
				PRODUCT_BUNDLE_IDENTIFIER = com.InventisGroup.OmasHausmittelTests;
				PRODUCT_NAME = "$(TARGET_NAME)";
				SWIFT_EMIT_LOC_STRINGS = NO;
				SWIFT_VERSION = 5.0;
				TARGETED_DEVICE_FAMILY = "1,2";
				TEST_HOST = "$(BUILT_PRODUCTS_DIR)/OmasHausmittel.app/$(BUNDLE_EXECUTABLE_FOLDER_PATH)/OmasHausmittel";
			};
			name = Debug;
		};
		86D5F9732C31B47D005B0938 /* Release */ = {
			isa = XCBuildConfiguration;
			buildSettings = {
				ALWAYS_EMBED_SWIFT_STANDARD_LIBRARIES = YES;
				BUNDLE_LOADER = "$(TEST_HOST)";
				CODE_SIGN_STYLE = Automatic;
				CURRENT_PROJECT_VERSION = 1;
				DEVELOPMENT_TEAM = LFNM38DQ8M;
				GENERATE_INFOPLIST_FILE = YES;
				IPHONEOS_DEPLOYMENT_TARGET = 17.5;
				MARKETING_VERSION = 1.0;
				PRODUCT_BUNDLE_IDENTIFIER = com.InventisGroup.OmasHausmittelTests;
				PRODUCT_NAME = "$(TARGET_NAME)";
				SWIFT_EMIT_LOC_STRINGS = NO;
				SWIFT_VERSION = 5.0;
				TARGETED_DEVICE_FAMILY = "1,2";
				TEST_HOST = "$(BUILT_PRODUCTS_DIR)/OmasHausmittel.app/$(BUNDLE_EXECUTABLE_FOLDER_PATH)/OmasHausmittel";
			};
			name = Release;
		};
		86D5F9752C31B47D005B0938 /* Debug */ = {
			isa = XCBuildConfiguration;
			buildSettings = {
				ALWAYS_EMBED_SWIFT_STANDARD_LIBRARIES = YES;
				CODE_SIGN_STYLE = Automatic;
				CURRENT_PROJECT_VERSION = 1;
				DEVELOPMENT_TEAM = LFNM38DQ8M;
				GENERATE_INFOPLIST_FILE = YES;
				MARKETING_VERSION = 1.0;
				PRODUCT_BUNDLE_IDENTIFIER = com.InventisGroup.OmasHausmittelUITests;
				PRODUCT_NAME = "$(TARGET_NAME)";
				SWIFT_EMIT_LOC_STRINGS = NO;
				SWIFT_VERSION = 5.0;
				TARGETED_DEVICE_FAMILY = "1,2";
				TEST_TARGET_NAME = OmasHausmittel;
			};
			name = Debug;
		};
		86D5F9762C31B47D005B0938 /* Release */ = {
			isa = XCBuildConfiguration;
			buildSettings = {
				ALWAYS_EMBED_SWIFT_STANDARD_LIBRARIES = YES;
				CODE_SIGN_STYLE = Automatic;
				CURRENT_PROJECT_VERSION = 1;
				DEVELOPMENT_TEAM = LFNM38DQ8M;
				GENERATE_INFOPLIST_FILE = YES;
				MARKETING_VERSION = 1.0;
				PRODUCT_BUNDLE_IDENTIFIER = com.InventisGroup.OmasHausmittelUITests;
				PRODUCT_NAME = "$(TARGET_NAME)";
				SWIFT_EMIT_LOC_STRINGS = NO;
				SWIFT_VERSION = 5.0;
				TARGETED_DEVICE_FAMILY = "1,2";
				TEST_TARGET_NAME = OmasHausmittel;
			};
			name = Release;
		};
/* End XCBuildConfiguration section */

/* Begin XCConfigurationList section */
		86D5F9452C31B47C005B0938 /* Build configuration list for PBXProject "OmasHausmittel" */ = {
			isa = XCConfigurationList;
			buildConfigurations = (
				86D5F96C2C31B47D005B0938 /* Debug */,
				86D5F96D2C31B47D005B0938 /* Release */,
			);
			defaultConfigurationIsVisible = 0;
			defaultConfigurationName = Release;
		};
		86D5F96E2C31B47D005B0938 /* Build configuration list for PBXNativeTarget "OmasHausmittel" */ = {
			isa = XCConfigurationList;
			buildConfigurations = (
				86D5F96F2C31B47D005B0938 /* Debug */,
				86D5F9702C31B47D005B0938 /* Release */,
			);
			defaultConfigurationIsVisible = 0;
			defaultConfigurationName = Release;
		};
		86D5F9712C31B47D005B0938 /* Build configuration list for PBXNativeTarget "OmasHausmittelTests" */ = {
			isa = XCConfigurationList;
			buildConfigurations = (
				86D5F9722C31B47D005B0938 /* Debug */,
				86D5F9732C31B47D005B0938 /* Release */,
			);
			defaultConfigurationIsVisible = 0;
			defaultConfigurationName = Release;
		};
		86D5F9742C31B47D005B0938 /* Build configuration list for PBXNativeTarget "OmasHausmittelUITests" */ = {
			isa = XCConfigurationList;
			buildConfigurations = (
				86D5F9752C31B47D005B0938 /* Debug */,
				86D5F9762C31B47D005B0938 /* Release */,
			);
			defaultConfigurationIsVisible = 0;
			defaultConfigurationName = Release;
		};
/* End XCConfigurationList section */
	};
	rootObject = 86D5F9422C31B47C005B0938 /* Project object */;
}
